{
  "name": "kotunil-web-app",
  "version": "0.0.1",
  "lockfileVersion": 3,
  "requires": true,
  "packages": {
    "": {
      "name": "kotunil-web-app",
      "version": "0.0.1",
      "license": "Apache-2.0",
      "dependencies": {
        "kotunil-js-lib": "file:../../js-lib/dist"
      }
    },
    "../../js-lib/dist": {
      "name": "kotunil-js-lib",
      "version": "4.1.1",
      "license": "Apache-2.0"
    },
    "node_modules/kotunil-js-lib": {
      "resolved": "../../js-lib/dist",
      "link": true
    }
  }
}
