{
  "name": "kotunil-web-app",
  "version": "0.0.1",
  "lockfileVersion": 3,
  "requires": true,
  "packages": {
    "": {
      "name": "kotunil-web-app",
      "version": "0.0.1",
      "license": "Apache-2.0",
      "dependencies": {
        "kotunil-js-lib": "4.1.1"
      }
    },
    "../../js-lib/dist": {
      "name": "kotunil-js-lib",
      "version": "4.1.1",
      "extraneous": true,
      "license": "Apache-2.0"
    },
    "node_modules/kotunil-js-lib": {
      "version": "4.1.1",
      "resolved": "https://registry.npmjs.org/kotunil-js-lib/-/kotunil-js-lib-4.1.1.tgz",
      "integrity": "sha512-wYF25eVBIoyBPbtfk7Odebp1+sm77/V7pGXI1dY/SC/pzJL3vAet0DbzFYWLX5fTQYjuRSSlQAxHjHu/nUbqvQ=="
    }
  }
}
