{
  "name": "kotunil-web-app",
  "version": "0.0.1",
  "lockfileVersion": 1,
  "requires": true,
  "dependencies": {
    "kotunil-js-lib": {
      "version": "4.0.1",
      "resolved": "https://registry.npmjs.org/kotunil-js-lib/-/kotunil-js-lib-4.0.1.tgz",
      "integrity": "sha512-FUgzl++dDzmDNq86ZTkkMZBNZWivHoBZ7xvoYnUSQMjpJXLq1pdD2+3muqkIbSsWtHc14Cx4eUyz7Da6MHi7sQ=="
    }
  }
}
